// !$*UTF8*$!
{
	archiveVersion = 1;
	classes = {
	};
	objectVersion = 55;
	objects = {

/* Begin PBXBuildFile section */
		3C07DE2927F2420C007F538A /* Schedule.swift in Sources */ = {isa = PBXBuildFile; fileRef = 3C07DE2827F2420C007F538A /* Schedule.swift */; };
		3C07DE2B27F24243007F538A /* Schedules.swift in Sources */ = {isa = PBXBuildFile; fileRef = 3C07DE2A27F24243007F538A /* Schedules.swift */; };
		3C07DE2D27F24277007F538A /* StoreSchedule.swift in Sources */ = {isa = PBXBuildFile; fileRef = 3C07DE2C27F24276007F538A /* StoreSchedule.swift */; };
		3C07DE3127F24333007F538A /* ScheduleView.swift in Sources */ = {isa = PBXBuildFile; fileRef = 3C07DE3027F24333007F538A /* ScheduleView.swift */; };
		3C07DE3527F28125007F538A /* HouseView.swift in Sources */ = {isa = PBXBuildFile; fileRef = 3C07DE3427F28125007F538A /* HouseView.swift */; };
		3C5A238D27EE17C800DD7B73 /* Ap_Create_TaskApp.swift in Sources */ = {isa = PBXBuildFile; fileRef = 3C5A237D27EE17C300DD7B73 /* Ap_Create_TaskApp.swift */; };
		3C5A238F27EE17C800DD7B73 /* ContentView.swift in Sources */ = {isa = PBXBuildFile; fileRef = 3C5A237E27EE17C300DD7B73 /* ContentView.swift */; };
		3C5A239127EE17C800DD7B73 /* Assets.xcassets in Resources */ = {isa = PBXBuildFile; fileRef = 3C5A237F27EE17C800DD7B73 /* Assets.xcassets */; };
		3C5A239E27EE197600DD7B73 /* Menu.swift in Sources */ = {isa = PBXBuildFile; fileRef = 3C5A239D27EE197600DD7B73 /* Menu.swift */; };
		3C5A23A027EE19B400DD7B73 /* Menus.swift in Sources */ = {isa = PBXBuildFile; fileRef = 3C5A239F27EE19B400DD7B73 /* Menus.swift */; };
		3C5A23A227EE19F400DD7B73 /* Store.swift in Sources */ = {isa = PBXBuildFile; fileRef = 3C5A23A127EE19F400DD7B73 /* Store.swift */; };
		3C5A23A627EE1BDB00DD7B73 /* Breakfast.swift in Sources */ = {isa = PBXBuildFile; fileRef = 3C5A23A527EE1BDB00DD7B73 /* Breakfast.swift */; };
		3C70242727EF547A0085EBA9 /* Lunch.swift in Sources */ = {isa = PBXBuildFile; fileRef = 3C70242627EF547A0085EBA9 /* Lunch.swift */; };
		3C70242927EF57B30085EBA9 /* Dinner.swift in Sources */ = {isa = PBXBuildFile; fileRef = 3C70242827EF57B30085EBA9 /* Dinner.swift */; };
/* End PBXBuildFile section */

/* Begin PBXFileReference section */
		3C07DE2827F2420C007F538A /* Schedule.swift */ = {isa = PBXFileReference; lastKnownFileType = sourcecode.swift; path = Schedule.swift; sourceTree = "<group>"; };
		3C07DE2A27F24243007F538A /* Schedules.swift */ = {isa = PBXFileReference; lastKnownFileType = sourcecode.swift; path = Schedules.swift; sourceTree = "<group>"; };
		3C07DE2C27F24276007F538A /* StoreSchedule.swift */ = {isa = PBXFileReference; lastKnownFileType = sourcecode.swift; path = StoreSchedule.swift; sourceTree = "<group>"; };
		3C07DE3027F24333007F538A /* ScheduleView.swift */ = {isa = PBXFileReference; lastKnownFileType = sourcecode.swift; path = ScheduleView.swift; sourceTree = "<group>"; };
		3C07DE3427F28125007F538A /* HouseView.swift */ = {isa = PBXFileReference; lastKnownFileType = sourcecode.swift; path = HouseView.swift; sourceTree = "<group>"; };
		3C5A237D27EE17C300DD7B73 /* Ap_Create_TaskApp.swift */ = {isa = PBXFileReference; lastKnownFileType = sourcecode.swift; path = Ap_Create_TaskApp.swift; sourceTree = "<group>"; };
		3C5A237E27EE17C300DD7B73 /* ContentView.swift */ = {isa = PBXFileReference; lastKnownFileType = sourcecode.swift; path = ContentView.swift; sourceTree = "<group>"; };
		3C5A237F27EE17C800DD7B73 /* Assets.xcassets */ = {isa = PBXFileReference; lastKnownFileType = folder.assetcatalog; path = Assets.xcassets; sourceTree = "<group>"; };
		3C5A238427EE17C800DD7B73 /* ApCreateTask.app */ = {isa = PBXFileReference; explicitFileType = wrapper.application; includeInIndex = 0; path = ApCreateTask.app; sourceTree = BUILT_PRODUCTS_DIR; };
		3C5A238C27EE17C800DD7B73 /* macOS.entitlements */ = {isa = PBXFileReference; lastKnownFileType = text.plist.entitlements; path = macOS.entitlements; sourceTree = "<group>"; };
		3C5A239D27EE197600DD7B73 /* Menu.swift */ = {isa = PBXFileReference; lastKnownFileType = sourcecode.swift; path = Menu.swift; sourceTree = "<group>"; };
		3C5A239F27EE19B400DD7B73 /* Menus.swift */ = {isa = PBXFileReference; lastKnownFileType = sourcecode.swift; path = Menus.swift; sourceTree = "<group>"; };
		3C5A23A127EE19F400DD7B73 /* Store.swift */ = {isa = PBXFileReference; lastKnownFileType = sourcecode.swift; path = Store.swift; sourceTree = "<group>"; };
		3C5A23A527EE1BDB00DD7B73 /* Breakfast.swift */ = {isa = PBXFileReference; lastKnownFileType = sourcecode.swift; path = Breakfast.swift; sourceTree = "<group>"; };
		3C70242427EE20100085EBA9 /* ApCreateTask--iOS--Info.plist */ = {isa = PBXFileReference; lastKnownFileType = text.plist; path = "ApCreateTask--iOS--Info.plist"; sourceTree = "<group>"; };
		3C70242627EF547A0085EBA9 /* Lunch.swift */ = {isa = PBXFileReference; lastKnownFileType = sourcecode.swift; path = Lunch.swift; sourceTree = "<group>"; };
		3C70242827EF57B30085EBA9 /* Dinner.swift */ = {isa = PBXFileReference; lastKnownFileType = sourcecode.swift; path = Dinner.swift; sourceTree = "<group>"; };
/* End PBXFileReference section */

/* Begin PBXFrameworksBuildPhase section */
		3C5A238127EE17C800DD7B73 /* Frameworks */ = {
			isa = PBXFrameworksBuildPhase;
			buildActionMask = 2147483647;
			files = (
			);
			runOnlyForDeploymentPostprocessing = 0;
		};
/* End PBXFrameworksBuildPhase section */

/* Begin PBXGroup section */
		3C07DE2127F0FCC2007F538A /* ViewModel */ = {
			isa = PBXGroup;
			children = (
				3C5A23A127EE19F400DD7B73 /* Store.swift */,
				3C07DE2C27F24276007F538A /* StoreSchedule.swift */,
			);
			path = ViewModel;
			sourceTree = "<group>";
		};
		3C5A237727EE17C200DD7B73 = {
			isa = PBXGroup;
			children = (
				3C70242427EE20100085EBA9 /* ApCreateTask--iOS--Info.plist */,
				3C5A237C27EE17C300DD7B73 /* Shared */,
				3C5A238B27EE17C800DD7B73 /* macOS */,
				3C5A238527EE17C800DD7B73 /* Products */,
			);
			sourceTree = "<group>";
		};
		3C5A237C27EE17C300DD7B73 /* Shared */ = {
			isa = PBXGroup;
			children = (
				3C5A237D27EE17C300DD7B73 /* Ap_Create_TaskApp.swift */,
				3C5A239C27EE196900DD7B73 /* Model */,
				3C5A237F27EE17C800DD7B73 /* Assets.xcassets */,
				3C07DE2127F0FCC2007F538A /* ViewModel */,
				3C5A239B27EE195C00DD7B73 /* Views */,
			);
			path = Shared;
			sourceTree = "<group>";
		};
		3C5A238527EE17C800DD7B73 /* Products */ = {
			isa = PBXGroup;
			children = (
				3C5A238427EE17C800DD7B73 /* ApCreateTask.app */,
			);
			name = Products;
			sourceTree = "<group>";
		};
		3C5A238B27EE17C800DD7B73 /* macOS */ = {
			isa = PBXGroup;
			children = (
				3C5A238C27EE17C800DD7B73 /* macOS.entitlements */,
			);
			path = macOS;
			sourceTree = "<group>";
		};
		3C5A239B27EE195C00DD7B73 /* Views */ = {
			isa = PBXGroup;
			children = (
				3C5A23A527EE1BDB00DD7B73 /* Breakfast.swift */,
				3C70242627EF547A0085EBA9 /* Lunch.swift */,
				3C70242827EF57B30085EBA9 /* Dinner.swift */,
				3C5A237E27EE17C300DD7B73 /* ContentView.swift */,
				3C07DE3027F24333007F538A /* ScheduleView.swift */,
				3C07DE3427F28125007F538A /* HouseView.swift */,
			);
			path = Views;
			sourceTree = "<group>";
		};
		3C5A239C27EE196900DD7B73 /* Model */ = {
			isa = PBXGroup;
			children = (
				3C5A239D27EE197600DD7B73 /* Menu.swift */,
				3C5A239F27EE19B400DD7B73 /* Menus.swift */,
				3C07DE2827F2420C007F538A /* Schedule.swift */,
				3C07DE2A27F24243007F538A /* Schedules.swift */,
			);
			path = Model;
			sourceTree = "<group>";
		};
/* End PBXGroup section */

/* Begin PBXNativeTarget section */
		3C5A238327EE17C800DD7B73 /* ApCreateTask (iOS) */ = {
			isa = PBXNativeTarget;
			buildConfigurationList = 3C5A239527EE17C800DD7B73 /* Build configuration list for PBXNativeTarget "ApCreateTask (iOS)" */;
			buildPhases = (
				3C5A238027EE17C800DD7B73 /* Sources */,
				3C5A238127EE17C800DD7B73 /* Frameworks */,
				3C5A238227EE17C800DD7B73 /* Resources */,
			);
			buildRules = (
			);
			dependencies = (
			);
			name = "ApCreateTask (iOS)";
			productName = "Ap Create Task (iOS)";
			productReference = 3C5A238427EE17C800DD7B73 /* ApCreateTask.app */;
			productType = "com.apple.product-type.application";
		};
/* End PBXNativeTarget section */

/* Begin PBXProject section */
		3C5A237827EE17C200DD7B73 /* Project object */ = {
			isa = PBXProject;
			attributes = {
				BuildIndependentTargetsInParallel = 1;
				LastSwiftUpdateCheck = 1310;
				LastUpgradeCheck = 1310;
				TargetAttributes = {
					3C5A238327EE17C800DD7B73 = {
						CreatedOnToolsVersion = 13.1;
					};
				};
			};
			buildConfigurationList = 3C5A237B27EE17C200DD7B73 /* Build configuration list for PBXProject "ApCreateTask" */;
			compatibilityVersion = "Xcode 13.0";
			developmentRegion = en;
			hasScannedForEncodings = 0;
			knownRegions = (
				en,
				Base,
			);
			mainGroup = 3C5A237727EE17C200DD7B73;
			productRefGroup = 3C5A238527EE17C800DD7B73 /* Products */;
			projectDirPath = "";
			projectRoot = "";
			targets = (
				3C5A238327EE17C800DD7B73 /* ApCreateTask (iOS) */,
			);
		};
/* End PBXProject section */

/* Begin PBXResourcesBuildPhase section */
		3C5A238227EE17C800DD7B73 /* Resources */ = {
			isa = PBXResourcesBuildPhase;
			buildActionMask = 2147483647;
			files = (
				3C5A239127EE17C800DD7B73 /* Assets.xcassets in Resources */,
			);
			runOnlyForDeploymentPostprocessing = 0;
		};
/* End PBXResourcesBuildPhase section */

/* Begin PBXSourcesBuildPhase section */
		3C5A238027EE17C800DD7B73 /* Sources */ = {
			isa = PBXSourcesBuildPhase;
			buildActionMask = 2147483647;
			files = (
				3C5A23A227EE19F400DD7B73 /* Store.swift in Sources */,
				3C5A239E27EE197600DD7B73 /* Menu.swift in Sources */,
				3C07DE3527F28125007F538A /* HouseView.swift in Sources */,
				3C5A238F27EE17C800DD7B73 /* ContentView.swift in Sources */,
				3C07DE2927F2420C007F538A /* Schedule.swift in Sources */,
				3C07DE2B27F24243007F538A /* Schedules.swift in Sources */,
				3C07DE3127F24333007F538A /* ScheduleView.swift in Sources */,
				3C70242727EF547A0085EBA9 /* Lunch.swift in Sources */,
				3C07DE2D27F24277007F538A /* StoreSchedule.swift in Sources */,
				3C5A23A027EE19B400DD7B73 /* Menus.swift in Sources */,
				3C5A238D27EE17C800DD7B73 /* Ap_Create_TaskApp.swift in Sources */,
				3C5A23A627EE1BDB00DD7B73 /* Breakfast.swift in Sources */,
				3C70242927EF57B30085EBA9 /* Dinner.swift in Sources */,
			);
			runOnlyForDeploymentPostprocessing = 0;
		};
/* End PBXSourcesBuildPhase section */

/* Begin XCBuildConfiguration section */
		3C5A239327EE17C800DD7B73 /* Debug */ = {
			isa = XCBuildConfiguration;
			buildSettings = {
				ALWAYS_SEARCH_USER_PATHS = NO;
				CLANG_ANALYZER_NONNULL = YES;
				CLANG_ANALYZER_NUMBER_OBJECT_CONVERSION = YES_AGGRESSIVE;
				CLANG_CXX_LANGUAGE_STANDARD = "gnu++17";
				CLANG_CXX_LIBRARY = "libc++";
				CLANG_ENABLE_MODULES = YES;
				CLANG_ENABLE_OBJC_ARC = YES;
				CLANG_ENABLE_OBJC_WEAK = YES;
				CLANG_WARN_BLOCK_CAPTURE_AUTORELEASING = YES;
				CLANG_WARN_BOOL_CONVERSION = YES;
				CLANG_WARN_COMMA = YES;
				CLANG_WARN_CONSTANT_CONVERSION = YES;
				CLANG_WARN_DEPRECATED_OBJC_IMPLEMENTATIONS = YES;
				CLANG_WARN_DIRECT_OBJC_ISA_USAGE = YES_ERROR;
				CLANG_WARN_DOCUMENTATION_COMMENTS = YES;
				CLANG_WARN_EMPTY_BODY = YES;
				CLANG_WARN_ENUM_CONVERSION = YES;
				CLANG_WARN_INFINITE_RECURSION = YES;
				CLANG_WARN_INT_CONVERSION = YES;
				CLANG_WARN_NON_LITERAL_NULL_CONVERSION = YES;
				CLANG_WARN_OBJC_IMPLICIT_RETAIN_SELF = YES;
				CLANG_WARN_OBJC_LITERAL_CONVERSION = YES;
				CLANG_WARN_OBJC_ROOT_CLASS = YES_ERROR;
				CLANG_WARN_QUOTED_INCLUDE_IN_FRAMEWORK_HEADER = YES;
				CLANG_WARN_RANGE_LOOP_ANALYSIS = YES;
				CLANG_WARN_STRICT_PROTOTYPES = YES;
				CLANG_WARN_SUSPICIOUS_MOVE = YES;
				CLANG_WARN_UNGUARDED_AVAILABILITY = YES_AGGRESSIVE;
				CLANG_WARN_UNREACHABLE_CODE = YES;
				CLANG_WARN__DUPLICATE_METHOD_MATCH = YES;
				COPY_PHASE_STRIP = NO;
				DEBUG_INFORMATION_FORMAT = dwarf;
				ENABLE_STRICT_OBJC_MSGSEND = YES;
				ENABLE_TESTABILITY = YES;
				GCC_C_LANGUAGE_STANDARD = gnu11;
				GCC_DYNAMIC_NO_PIC = NO;
				GCC_NO_COMMON_BLOCKS = YES;
				GCC_OPTIMIZATION_LEVEL = 0;
				GCC_PREPROCESSOR_DEFINITIONS = (
					"DEBUG=1",
					"$(inherited)",
				);
				GCC_WARN_64_TO_32_BIT_CONVERSION = YES;
				GCC_WARN_ABOUT_RETURN_TYPE = YES_ERROR;
				GCC_WARN_UNDECLARED_SELECTOR = YES;
				GCC_WARN_UNINITIALIZED_AUTOS = YES_AGGRESSIVE;
				GCC_WARN_UNUSED_FUNCTION = YES;
				GCC_WARN_UNUSED_VARIABLE = YES;
				MTL_ENABLE_DEBUG_INFO = INCLUDE_SOURCE;
				MTL_FAST_MATH = YES;
				ONLY_ACTIVE_ARCH = YES;
				SWIFT_ACTIVE_COMPILATION_CONDITIONS = DEBUG;
				SWIFT_OPTIMIZATION_LEVEL = "-Onone";
			};
			name = Debug;
		};
		3C5A239427EE17C800DD7B73 /* Release */ = {
			isa = XCBuildConfiguration;
			buildSettings = {
				ALWAYS_SEARCH_USER_PATHS = NO;
				CLANG_ANALYZER_NONNULL = YES;
				CLANG_ANALYZER_NUMBER_OBJECT_CONVERSION = YES_AGGRESSIVE;
				CLANG_CXX_LANGUAGE_STANDARD = "gnu++17";
				CLANG_CXX_LIBRARY = "libc++";
				CLANG_ENABLE_MODULES = YES;
				CLANG_ENABLE_OBJC_ARC = YES;
				CLANG_ENABLE_OBJC_WEAK = YES;
				CLANG_WARN_BLOCK_CAPTURE_AUTORELEASING = YES;
				CLANG_WARN_BOOL_CONVERSION = YES;
				CLANG_WARN_COMMA = YES;
				CLANG_WARN_CONSTANT_CONVERSION = YES;
				CLANG_WARN_DEPRECATED_OBJC_IMPLEMENTATIONS = YES;
				CLANG_WARN_DIRECT_OBJC_ISA_USAGE = YES_ERROR;
				CLANG_WARN_DOCUMENTATION_COMMENTS = YES;
				CLANG_WARN_EMPTY_BODY = YES;
				CLANG_WARN_ENUM_CONVERSION = YES;
				CLANG_WARN_INFINITE_RECURSION = YES;
				CLANG_WARN_INT_CONVERSION = YES;
				CLANG_WARN_NON_LITERAL_NULL_CONVERSION = YES;
				CLANG_WARN_OBJC_IMPLICIT_RETAIN_SELF = YES;
				CLANG_WARN_OBJC_LITERAL_CONVERSION = YES;
				CLANG_WARN_OBJC_ROOT_CLASS = YES_ERROR;
				CLANG_WARN_QUOTED_INCLUDE_IN_FRAMEWORK_HEADER = YES;
				CLANG_WARN_RANGE_LOOP_ANALYSIS = YES;
				CLANG_WARN_STRICT_PROTOTYPES = YES;
				CLANG_WARN_SUSPICIOUS_MOVE = YES;
				CLANG_WARN_UNGUARDED_AVAILABILITY = YES_AGGRESSIVE;
				CLANG_WARN_UNREACHABLE_CODE = YES;
				CLANG_WARN__DUPLICATE_METHOD_MATCH = YES;
				COPY_PHASE_STRIP = NO;
				DEBUG_INFORMATION_FORMAT = "dwarf-with-dsym";
				ENABLE_NS_ASSERTIONS = NO;
				ENABLE_STRICT_OBJC_MSGSEND = YES;
				GCC_C_LANGUAGE_STANDARD = gnu11;
				GCC_NO_COMMON_BLOCKS = YES;
				GCC_WARN_64_TO_32_BIT_CONVERSION = YES;
				GCC_WARN_ABOUT_RETURN_TYPE = YES_ERROR;
				GCC_WARN_UNDECLARED_SELECTOR = YES;
				GCC_WARN_UNINITIALIZED_AUTOS = YES_AGGRESSIVE;
				GCC_WARN_UNUSED_FUNCTION = YES;
				GCC_WARN_UNUSED_VARIABLE = YES;
				MTL_ENABLE_DEBUG_INFO = NO;
				MTL_FAST_MATH = YES;
				SWIFT_COMPILATION_MODE = wholemodule;
				SWIFT_OPTIMIZATION_LEVEL = "-O";
			};
			name = Release;
		};
		3C5A239627EE17C800DD7B73 /* Debug */ = {
			isa = XCBuildConfiguration;
			buildSettings = {
				ASSETCATALOG_COMPILER_APPICON_NAME = AppIcon;
				ASSETCATALOG_COMPILER_GLOBAL_ACCENT_COLOR_NAME = AccentColor;
				CODE_SIGN_STYLE = Automatic;
				CURRENT_PROJECT_VERSION = 1;
				DEVELOPMENT_TEAM = 2PUY3827Z7;
				ENABLE_PREVIEWS = YES;
				GENERATE_INFOPLIST_FILE = YES;
				INFOPLIST_FILE = "ApCreateTask--iOS--Info.plist";
				INFOPLIST_KEY_UIApplicationSceneManifest_Generation = YES;
				INFOPLIST_KEY_UIApplicationSupportsIndirectInputEvents = YES;
				INFOPLIST_KEY_UILaunchScreen_Generation = YES;
				INFOPLIST_KEY_UISupportedInterfaceOrientations_iPad = "UIInterfaceOrientationPortrait UIInterfaceOrientationPortraitUpsideDown UIInterfaceOrientationLandscapeLeft UIInterfaceOrientationLandscapeRight";
				INFOPLIST_KEY_UISupportedInterfaceOrientations_iPhone = "UIInterfaceOrientationPortrait UIInterfaceOrientationLandscapeLeft UIInterfaceOrientationLandscapeRight";
				IPHONEOS_DEPLOYMENT_TARGET = 15.0;
				LD_RUNPATH_SEARCH_PATHS = (
					"$(inherited)",
					"@executable_path/Frameworks",
				);
				MARKETING_VERSION = 1.0;
				PRODUCT_BUNDLE_IDENTIFIER = "ca.yiningwang.Ap-Create-Task";
				PRODUCT_NAME = ApCreateTask;
				SDKROOT = iphoneos;
				SWIFT_EMIT_LOC_STRINGS = YES;
				SWIFT_VERSION = 5.0;
				TARGETED_DEVICE_FAMILY = "1,2";
			};
			name = Debug;
		};
		3C5A239727EE17C800DD7B73 /* Release */ = {
			isa = XCBuildConfiguration;
			buildSettings = {
				ASSETCATALOG_COMPILER_APPICON_NAME = AppIcon;
				ASSETCATALOG_COMPILER_GLOBAL_ACCENT_COLOR_NAME = AccentColor;
				CODE_SIGN_STYLE = Automatic;
				CURRENT_PROJECT_VERSION = 1;
				DEVELOPMENT_TEAM = 2PUY3827Z7;
				ENABLE_PREVIEWS = YES;
				GENERATE_INFOPLIST_FILE = YES;
				INFOPLIST_FILE = "ApCreateTask--iOS--Info.plist";
				INFOPLIST_KEY_UIApplicationSceneManifest_Generation = YES;
				INFOPLIST_KEY_UIApplicationSupportsIndirectInputEvents = YES;
				INFOPLIST_KEY_UILaunchScreen_Generation = YES;
				INFOPLIST_KEY_UISupportedInterfaceOrientations_iPad = "UIInterfaceOrientationPortrait UIInterfaceOrientationPortraitUpsideDown UIInterfaceOrientationLandscapeLeft UIInterfaceOrientationLandscapeRight";
				INFOPLIST_KEY_UISupportedInterfaceOrientations_iPhone = "UIInterfaceOrientationPortrait UIInterfaceOrientationLandscapeLeft UIInterfaceOrientationLandscapeRight";
				IPHONEOS_DEPLOYMENT_TARGET = 15.0;
				LD_RUNPATH_SEARCH_PATHS = (
					"$(inherited)",
					"@executable_path/Frameworks",
				);
				MARKETING_VERSION = 1.0;
				PRODUCT_BUNDLE_IDENTIFIER = "ca.yiningwang.Ap-Create-Task";
				PRODUCT_NAME = ApCreateTask;
				SDKROOT = iphoneos;
				SWIFT_EMIT_LOC_STRINGS = YES;
				SWIFT_VERSION = 5.0;
				TARGETED_DEVICE_FAMILY = "1,2";
				VALIDATE_PRODUCT = YES;
			};
			name = Release;
		};
/* End XCBuildConfiguration section */

/* Begin XCConfigurationList section */
		3C5A237B27EE17C200DD7B73 /* Build configuration list for PBXProject "ApCreateTask" */ = {
			isa = XCConfigurationList;
			buildConfigurations = (
				3C5A239327EE17C800DD7B73 /* Debug */,
				3C5A239427EE17C800DD7B73 /* Release */,
			);
			defaultConfigurationIsVisible = 0;
			defaultConfigurationName = Release;
		};
		3C5A239527EE17C800DD7B73 /* Build configuration list for PBXNativeTarget "ApCreateTask (iOS)" */ = {
			isa = XCConfigurationList;
			buildConfigurations = (
				3C5A239627EE17C800DD7B73 /* Debug */,
				3C5A239727EE17C800DD7B73 /* Release */,
			);
			defaultConfigurationIsVisible = 0;
			defaultConfigurationName = Release;
		};
/* End XCConfigurationList section */
	};
	rootObject = 3C5A237827EE17C200DD7B73 /* Project object */;
}
